<?xml version="1.0" encoding="utf-8"?>
<Project ToolsVersion="4.0" xmlns="http://schemas.microsoft.com/developer/msbuild/2003">
  <ItemGroup>
    <ClCompile Include="..\Source\main.cpp" />
    <ClCompile Include="..\Source\logic\game.cpp" />
    <ClCompile Include="..\Source\logic\grid.cpp" />
    <ClCompile Include="..\Source\logic\logicmap.cpp" />
    <ClCompile Include="..\Source\logic\player.cpp" />
  </ItemGroup>
  <ItemGroup>
    <ClInclude Include="..\Source\util.h" />
    <ClInclude Include="..\Source\dice\dice.h" />
    <ClInclude Include="..\Source\logic\game.h" />
    <ClInclude Include="..\Source\logic\grid.h" />
    <ClInclude Include="..\Source\logic\logicmap.h" />
    <ClInclude Include="..\Source\logic\player.h" />
    <ClInclude Include="..\Source\map\camera.h" />
    <ClInclude Include="..\Source\map\map.h" />
    <ClInclude Include="..\Source\window\PopUpWindow.h" />
    <ClInclude Include="..\Source\window\texture.h" />
  </ItemGroup>
  <ItemGroup>
    <None Include="..\Assets\window\window.fragment" />
    <None Include="..\Assets\window\window.vertex" />
  </ItemGroup>
</Project>