
Microsoft Visual Studio Solution File, Format Version 12.00
# Visual Studio 15
VisualStudioVersion = 15.0.28307.852
MinimumVisualStudioVersion = 10.0.40219.1
Project("{8BC9CEB8-8B4A-11D0-8D11-00A0C91BC942}") = "Playground", "Playground.vcxproj", "{F8376344-4D88-4DBC-832B-7D4BB528FA40}"
EndProject
Global
	GlobalSection(SolutionConfigurationPlatforms) = preSolution
		Debug|x86 = Debug|x86
		Release|x86 = Release|x86
	EndGlobalSection
	GlobalSection(ProjectConfigurationPlatforms) = postSolution
		{F8376344-4D88-4DBC-832B-7D4BB528FA40}.Debug|x86.ActiveCfg = Debug|Win32
		{F8376344-4D88-4DBC-832B-7D4BB528FA40}.Debug|x86.Build.0 = Debug|Win32
		{F8376344-4D88-4DBC-832B-7D4BB528FA40}.Release|x86.ActiveCfg = Release|Win32
		{F8376344-4D88-4DBC-832B-7D4BB528FA40}.Release|x86.Build.0 = Release|Win32
	EndGlobalSection
	GlobalSection(SolutionProperties) = preSolution
		HideSolutionNode = FALSE
	EndGlobalSection
	GlobalSection(ExtensibilityGlobals) = postSolution
		SolutionGuid = {23B90A69-0E9A-4590-9B10-1BFE964E731E}
	EndGlobalSection
EndGlobal
