<?xml version="1.0" encoding="utf-8"?>
<Project ToolsVersion="4.0" xmlns="http://schemas.microsoft.com/developer/msbuild/2003">
  <ItemGroup>
    <ClCompile Include="..\Source\main.cpp" />
    <ClCompile Include="..\Source\game.cpp" />
    <ClCompile Include="..\Source\grid.cpp" />
    <ClCompile Include="..\Source\logicmap.cpp" />
    <ClCompile Include="..\Source\player.cpp" />
  </ItemGroup>
  <ItemGroup>
    <None Include="..\Assets\map.vertex" />
    <None Include="..\Assets\map.fragment" />
    <None Include="..\Assets\dice.fragment" />
    <None Include="..\Assets\dice.vertex" />
  </ItemGroup>
  <ItemGroup>
    <ClInclude Include="..\Source\map.h" />
    <ClInclude Include="..\Source\camera.h" />
    <ClInclude Include="..\Source\dice.h" />
    <ClInclude Include="..\Source\util.h" />
    <ClInclude Include="..\Source\game.h" />
    <ClInclude Include="..\Source\grid.h" />
    <ClInclude Include="..\Source\logicmap.h" />
    <ClInclude Include="..\Source\player.h" />
  </ItemGroup>
</Project>